
Microsoft Visual Studio Solution File, Format Version 12.00
# Visual Studio 15
VisualStudioVersion = 15.0.28307.779
MinimumVisualStudioVersion = 10.0.40219.1
Project("{FAE04EC0-301F-11D3-BF4B-00C04F79EFBC}") = "Music_Library", "Assignment1\Music_Library.csproj", "{00C7A5B6-9026-4A24-A017-F95A3EE4A893}"
EndProject
Global
	GlobalSection(SolutionConfigurationPlatforms) = preSolution
		Debug|ARM = Debug|ARM
		Debug|ARM64 = Debug|ARM64
		Debug|x64 = Debug|x64
		Debug|x86 = Debug|x86
		Release|ARM = Release|ARM
		Release|ARM64 = Release|ARM64
		Release|x64 = Release|x64
		Release|x86 = Release|x86
	EndGlobalSection
	GlobalSection(ProjectConfigurationPlatforms) = postSolution
		{00C7A5B6-9026-4A24-A017-F95A3EE4A893}.Debug|ARM.ActiveCfg = Debug|ARM
		{00C7A5B6-9026-4A24-A017-F95A3EE4A893}.Debug|ARM.Build.0 = Debug|ARM
		{00C7A5B6-9026-4A24-A017-F95A3EE4A893}.Debug|ARM.Deploy.0 = Debug|ARM
		{00C7A5B6-9026-4A24-A017-F95A3EE4A893}.Debug|ARM64.ActiveCfg = Debug|ARM64
		{00C7A5B6-9026-4A24-A017-F95A3EE4A893}.Debug|ARM64.Build.0 = Debug|ARM64
		{00C7A5B6-9026-4A24-A017-F95A3EE4A893}.Debug|ARM64.Deploy.0 = Debug|ARM64
		{00C7A5B6-9026-4A24-A017-F95A3EE4A893}.Debug|x64.ActiveCfg = Debug|x64
		{00C7A5B6-9026-4A24-A017-F95A3EE4A893}.Debug|x64.Build.0 = Debug|x64
		{00C7A5B6-9026-4A24-A017-F95A3EE4A893}.Debug|x64.Deploy.0 = Debug|x64
		{00C7A5B6-9026-4A24-A017-F95A3EE4A893}.Debug|x86.ActiveCfg = Debug|x86
		{00C7A5B6-9026-4A24-A017-F95A3EE4A893}.Debug|x86.Build.0 = Debug|x86
		{00C7A5B6-9026-4A24-A017-F95A3EE4A893}.Debug|x86.Deploy.0 = Debug|x86
		{00C7A5B6-9026-4A24-A017-F95A3EE4A893}.Release|ARM.ActiveCfg = Release|ARM
		{00C7A5B6-9026-4A24-A017-F95A3EE4A893}.Release|ARM.Build.0 = Release|ARM
		{00C7A5B6-9026-4A24-A017-F95A3EE4A893}.Release|ARM.Deploy.0 = Release|ARM
		{00C7A5B6-9026-4A24-A017-F95A3EE4A893}.Release|ARM64.ActiveCfg = Release|ARM64
		{00C7A5B6-9026-4A24-A017-F95A3EE4A893}.Release|ARM64.Build.0 = Release|ARM64
		{00C7A5B6-9026-4A24-A017-F95A3EE4A893}.Release|ARM64.Deploy.0 = Release|ARM64
		{00C7A5B6-9026-4A24-A017-F95A3EE4A893}.Release|x64.ActiveCfg = Release|x64
		{00C7A5B6-9026-4A24-A017-F95A3EE4A893}.Release|x64.Build.0 = Release|x64
		{00C7A5B6-9026-4A24-A017-F95A3EE4A893}.Release|x64.Deploy.0 = Release|x64
		{00C7A5B6-9026-4A24-A017-F95A3EE4A893}.Release|x86.ActiveCfg = Release|x86
		{00C7A5B6-9026-4A24-A017-F95A3EE4A893}.Release|x86.Build.0 = Release|x86
		{00C7A5B6-9026-4A24-A017-F95A3EE4A893}.Release|x86.Deploy.0 = Release|x86
	EndGlobalSection
	GlobalSection(SolutionProperties) = preSolution
		HideSolutionNode = FALSE
	EndGlobalSection
	GlobalSection(ExtensibilityGlobals) = postSolution
		SolutionGuid = {3533EE3C-47A5-40A5-AD01-AABDE7F66D20}
	EndGlobalSection
EndGlobal
